
Microsoft Visual Studio Solution File, Format Version 11.00
# Visual Studio 2010
Project("{FAE04EC0-301F-11D3-BF4B-00C04F79EFBC}") = "Assembly-CSharp", "Assembly-CSharp.csproj", "{AE027D4E-9133-7F7D-CA83-1183097A6BD4}"
EndProject
Global
	GlobalSection(SolutionConfigurationPlatforms) = preSolution
		Debug|Any CPU = Debug|Any CPU
		Release|Any CPU = Release|Any CPU
	EndGlobalSection
	GlobalSection(ProjectConfigurationPlatforms) = postSolution
		{AE027D4E-9133-7F7D-CA83-1183097A6BD4}.Debug|Any CPU.ActiveCfg = Debug|Any CPU
		{AE027D4E-9133-7F7D-CA83-1183097A6BD4}.Debug|Any CPU.Build.0 = Debug|Any CPU
		{AE027D4E-9133-7F7D-CA83-1183097A6BD4}.Release|Any CPU.ActiveCfg = Release|Any CPU
		{AE027D4E-9133-7F7D-CA83-1183097A6BD4}.Release|Any CPU.Build.0 = Release|Any CPU
	EndGlobalSection
	GlobalSection(SolutionProperties) = preSolution
		HideSolutionNode = FALSE
	EndGlobalSection
EndGlobal
